// !$*UTF8*$!
{
	archiveVersion = 1;
	classes = {
	};
	objectVersion = 77;
	objects = {

/* Begin PBXBuildFile section */
		F80022742E9015F10046D443 /* WidgetKit.framework in Frameworks */ = {isa = PBXBuildFile; fileRef = F80022732E9015F10046D443 /* WidgetKit.framework */; };
		F80022762E9015F10046D443 /* SwiftUI.framework in Frameworks */ = {isa = PBXBuildFile; fileRef = F80022752E9015F10046D443 /* SwiftUI.framework */; };
		F80022852E9015F30046D443 /* WidgetsExtension.appex in Embed Foundation Extensions */ = {isa = PBXBuildFile; fileRef = F80022712E9015F10046D443 /* WidgetsExtension.appex */; settings = {ATTRIBUTES = (RemoveHeadersOnCopy, ); }; };
		F8137DA62E82AA210090F8FA /* SnapKit in Frameworks */ = {isa = PBXBuildFile; productRef = F8137DA52E82AA210090F8FA /* SnapKit */; };
		F8137DA92E82AA330090F8FA /* RxCocoa in Frameworks */ = {isa = PBXBuildFile; productRef = F8137DA82E82AA330090F8FA /* RxCocoa */; };
		F8137DA92E82AA330090F8FB /* RxCocoa in Frameworks */ = {isa = PBXBuildFile; productRef = F8137DA82E82AA330090F8FA /* RxCocoa */; };
		F8137DAB2E82AA330090F8FA /* RxSwift in Frameworks */ = {isa = PBXBuildFile; productRef = F8137DAA2E82AA330090F8FA /* RxSwift */; };
		F8137DAB2E82AA330090F8FB /* RxSwift in Frameworks */ = {isa = PBXBuildFile; productRef = F8137DAA2E82AA330090F8FA /* RxSwift */; };
		F8137DAE2E82AA420090F8FA /* Kingfisher in Frameworks */ = {isa = PBXBuildFile; productRef = F8137DAD2E82AA420090F8FA /* Kingfisher */; };
		F81383BD2E86ACD50090F8FA /* RealmSwift in Frameworks */ = {isa = PBXBuildFile; productRef = F81383BC2E86ACD50090F8FA /* RealmSwift */; };
		F81383BD2E86ACD50090F8FB /* RealmSwift in Frameworks */ = {isa = PBXBuildFile; productRef = F81383BC2E86ACD50090F8FA /* RealmSwift */; };
		F81383C02E86AD7F0090F8FA /* ReactorKit in Frameworks */ = {isa = PBXBuildFile; productRef = F81383BF2E86AD7F0090F8FA /* ReactorKit */; };
		F81383C02E86AD7F0090F8FB /* ReactorKit in Frameworks */ = {isa = PBXBuildFile; productRef = F81383BF2E86AD7F0090F8FA /* ReactorKit */; };
		F81384312E86E5E10090F8FA /* RealmSwift in Embed Frameworks */ = {isa = PBXBuildFile; productRef = F81383BC2E86ACD50090F8FA /* RealmSwift */; settings = {ATTRIBUTES = (CodeSignOnCopy, ); }; };
		F84E0FE92E829A00006B98C0 /* .gitignore in Resources */ = {isa = PBXBuildFile; fileRef = F84E0FE82E829A00006B98C0 /* .gitignore */; };
/* End PBXBuildFile section */

/* Begin PBXContainerItemProxy section */
		F80022832E9015F30046D443 /* PBXContainerItemProxy */ = {
			isa = PBXContainerItemProxy;
			containerPortal = F84E0EDA2E829796006B98C0 /* Project object */;
			proxyType = 1;
			remoteGlobalIDString = F80022702E9015F10046D443;
			remoteInfo = WidgetsExtension;
		};
		F84E0EF92E829797006B98C0 /* PBXContainerItemProxy */ = {
			isa = PBXContainerItemProxy;
			containerPortal = F84E0EDA2E829796006B98C0 /* Project object */;
			proxyType = 1;
			remoteGlobalIDString = F84E0EE12E829796006B98C0;
			remoteInfo = Cerchio;
		};
		F84E0F032E829797006B98C0 /* PBXContainerItemProxy */ = {
			isa = PBXContainerItemProxy;
			containerPortal = F84E0EDA2E829796006B98C0 /* Project object */;
			proxyType = 1;
			remoteGlobalIDString = F84E0EE12E829796006B98C0;
			remoteInfo = Cerchio;
		};
/* End PBXContainerItemProxy section */

/* Begin PBXCopyFilesBuildPhase section */
		F800228A2E9015F30046D443 /* Embed Foundation Extensions */ = {
			isa = PBXCopyFilesBuildPhase;
			buildActionMask = 2147483647;
			dstPath = "";
			dstSubfolderSpec = 13;
			files = (
				F80022852E9015F30046D443 /* WidgetsExtension.appex in Embed Foundation Extensions */,
			);
			name = "Embed Foundation Extensions";
			runOnlyForDeploymentPostprocessing = 0;
		};
		F81384322E86E5E10090F8FA /* Embed Frameworks */ = {
			isa = PBXCopyFilesBuildPhase;
			buildActionMask = 2147483647;
			dstPath = "";
			dstSubfolderSpec = 10;
			files = (
				F81384312E86E5E10090F8FA /* RealmSwift in Embed Frameworks */,
			);
			name = "Embed Frameworks";
			runOnlyForDeploymentPostprocessing = 0;
		};
/* End PBXCopyFilesBuildPhase section */

/* Begin PBXFileReference section */
		F80022712E9015F10046D443 /* WidgetsExtension.appex */ = {isa = PBXFileReference; explicitFileType = "wrapper.app-extension"; includeInIndex = 0; path = WidgetsExtension.appex; sourceTree = BUILT_PRODUCTS_DIR; };
		F80022732E9015F10046D443 /* WidgetKit.framework */ = {isa = PBXFileReference; lastKnownFileType = wrapper.framework; name = WidgetKit.framework; path = System/Library/Frameworks/WidgetKit.framework; sourceTree = SDKROOT; };
		F80022752E9015F10046D443 /* SwiftUI.framework */ = {isa = PBXFileReference; lastKnownFileType = wrapper.framework; name = SwiftUI.framework; path = System/Library/Frameworks/SwiftUI.framework; sourceTree = SDKROOT; };
		F800229B2E90E6E90046D443 /* WidgetsExtension.entitlements */ = {isa = PBXFileReference; lastKnownFileType = text.plist.entitlements; path = WidgetsExtension.entitlements; sourceTree = "<group>"; };
		F84E0EE22E829796006B98C0 /* Cerchio.app */ = {isa = PBXFileReference; explicitFileType = wrapper.application; includeInIndex = 0; path = Cerchio.app; sourceTree = BUILT_PRODUCTS_DIR; };
		F84E0EF82E829797006B98C0 /* CerchioTests.xctest */ = {isa = PBXFileReference; explicitFileType = wrapper.cfbundle; includeInIndex = 0; path = CerchioTests.xctest; sourceTree = BUILT_PRODUCTS_DIR; };
		F84E0F022E829797006B98C0 /* CerchioUITests.xctest */ = {isa = PBXFileReference; explicitFileType = wrapper.cfbundle; includeInIndex = 0; path = CerchioUITests.xctest; sourceTree = BUILT_PRODUCTS_DIR; };
		F84E0FE82E829A00006B98C0 /* .gitignore */ = {isa = PBXFileReference; lastKnownFileType = text; path = .gitignore; sourceTree = "<group>"; };
/* End PBXFileReference section */

/* Begin PBXFileSystemSynchronizedBuildFileExceptionSet section */
		F80022892E9015F30046D443 /* Exceptions for "Widgets" folder in "WidgetsExtension" target */ = {
			isa = PBXFileSystemSynchronizedBuildFileExceptionSet;
			membershipExceptions = (
				Info.plist,
			);
			target = F80022702E9015F10046D443 /* WidgetsExtension */;
		};
		F84E0F0A2E829797006B98C0 /* Exceptions for "Cerchio" folder in "Cerchio" target */ = {
			isa = PBXFileSystemSynchronizedBuildFileExceptionSet;
			membershipExceptions = (
				Info.plist,
			);
			target = F84E0EE12E829796006B98C0 /* Cerchio */;
		};
/* End PBXFileSystemSynchronizedBuildFileExceptionSet section */

/* Begin PBXFileSystemSynchronizedRootGroup section */
		F80022772E9015F10046D443 /* Widgets */ = {
			isa = PBXFileSystemSynchronizedRootGroup;
			exceptions = (
				F80022892E9015F30046D443 /* Exceptions for "Widgets" folder in "WidgetsExtension" target */,
			);
			path = Widgets;
			sourceTree = "<group>";
		};
		F84E0EE42E829796006B98C0 /* Cerchio */ = {
			isa = PBXFileSystemSynchronizedRootGroup;
			exceptions = (
				F84E0F0A2E829797006B98C0 /* Exceptions for "Cerchio" folder in "Cerchio" target */,
			);
			path = Cerchio;
			sourceTree = "<group>";
		};
		F84E0EFB2E829797006B98C0 /* CerchioTests */ = {
			isa = PBXFileSystemSynchronizedRootGroup;
			path = CerchioTests;
			sourceTree = "<group>";
		};
		F84E0F052E829797006B98C0 /* CerchioUITests */ = {
			isa = PBXFileSystemSynchronizedRootGroup;
			path = CerchioUITests;
			sourceTree = "<group>";
		};
/* End PBXFileSystemSynchronizedRootGroup section */

/* Begin PBXFrameworksBuildPhase section */
		F800226E2E9015F10046D443 /* Frameworks */ = {
			isa = PBXFrameworksBuildPhase;
			buildActionMask = 2147483647;
			files = (
				F80022762E9015F10046D443 /* SwiftUI.framework in Frameworks */,
				F80022742E9015F10046D443 /* WidgetKit.framework in Frameworks */,
			);
			runOnlyForDeploymentPostprocessing = 0;
		};
		F84E0EDF2E829796006B98C0 /* Frameworks */ = {
			isa = PBXFrameworksBuildPhase;
			buildActionMask = 2147483647;
			files = (
				F8137DAE2E82AA420090F8FA /* Kingfisher in Frameworks */,
				F8137DAB2E82AA330090F8FA /* RxSwift in Frameworks */,
				F8137DA92E82AA330090F8FA /* RxCocoa in Frameworks */,
				F81383BD2E86ACD50090F8FA /* RealmSwift in Frameworks */,
				F81383C02E86AD7F0090F8FA /* ReactorKit in Frameworks */,
				F8137DA62E82AA210090F8FA /* SnapKit in Frameworks */,
			);
			runOnlyForDeploymentPostprocessing = 0;
		};
		F84E0EF52E829797006B98C0 /* Frameworks */ = {
			isa = PBXFrameworksBuildPhase;
			buildActionMask = 2147483647;
			files = (
				F81383BD2E86ACD50090F8FB /* RealmSwift in Frameworks */,
				F8137DAB2E82AA330090F8FB /* RxSwift in Frameworks */,
				F8137DA92E82AA330090F8FB /* RxCocoa in Frameworks */,
				F81383C02E86AD7F0090F8FB /* ReactorKit in Frameworks */,
			);
			runOnlyForDeploymentPostprocessing = 0;
		};
		F84E0EFF2E829797006B98C0 /* Frameworks */ = {
			isa = PBXFrameworksBuildPhase;
			buildActionMask = 2147483647;
			files = (
			);
			runOnlyForDeploymentPostprocessing = 0;
		};
/* End PBXFrameworksBuildPhase section */

/* Begin PBXGroup section */
		F80022722E9015F10046D443 /* Frameworks */ = {
			isa = PBXGroup;
			children = (
				F80022732E9015F10046D443 /* WidgetKit.framework */,
				F80022752E9015F10046D443 /* SwiftUI.framework */,
			);
			name = Frameworks;
			sourceTree = "<group>";
		};
		F84E0ED92E829796006B98C0 = {
			isa = PBXGroup;
			children = (
				F800229B2E90E6E90046D443 /* WidgetsExtension.entitlements */,
				F84E0FE82E829A00006B98C0 /* .gitignore */,
				F84E0EE42E829796006B98C0 /* Cerchio */,
				F84E0EFB2E829797006B98C0 /* CerchioTests */,
				F84E0F052E829797006B98C0 /* CerchioUITests */,
				F80022772E9015F10046D443 /* Widgets */,
				F80022722E9015F10046D443 /* Frameworks */,
				F84E0EE32E829796006B98C0 /* Products */,
			);
			sourceTree = "<group>";
		};
		F84E0EE32E829796006B98C0 /* Products */ = {
			isa = PBXGroup;
			children = (
				F84E0EE22E829796006B98C0 /* Cerchio.app */,
				F84E0EF82E829797006B98C0 /* CerchioTests.xctest */,
				F84E0F022E829797006B98C0 /* CerchioUITests.xctest */,
				F80022712E9015F10046D443 /* WidgetsExtension.appex */,
			);
			name = Products;
			sourceTree = "<group>";
		};
/* End PBXGroup section */

/* Begin PBXNativeTarget section */
		F80022702E9015F10046D443 /* WidgetsExtension */ = {
			isa = PBXNativeTarget;
			buildConfigurationList = F80022862E9015F30046D443 /* Build configuration list for PBXNativeTarget "WidgetsExtension" */;
			buildPhases = (
				F800226D2E9015F10046D443 /* Sources */,
				F800226E2E9015F10046D443 /* Frameworks */,
				F800226F2E9015F10046D443 /* Resources */,
			);
			buildRules = (
			);
			dependencies = (
			);
			fileSystemSynchronizedGroups = (
				F80022772E9015F10046D443 /* Widgets */,
			);
			name = WidgetsExtension;
			packageProductDependencies = (
			);
			productName = WidgetsExtension;
			productReference = F80022712E9015F10046D443 /* WidgetsExtension.appex */;
			productType = "com.apple.product-type.app-extension";
		};
		F84E0EE12E829796006B98C0 /* Cerchio */ = {
			isa = PBXNativeTarget;
			buildConfigurationList = F84E0F0B2E829797006B98C0 /* Build configuration list for PBXNativeTarget "Cerchio" */;
			buildPhases = (
				F84E0EDE2E829796006B98C0 /* Sources */,
				F84E0EDF2E829796006B98C0 /* Frameworks */,
				F84E0EE02E829796006B98C0 /* Resources */,
				F81384322E86E5E10090F8FA /* Embed Frameworks */,
				F800228A2E9015F30046D443 /* Embed Foundation Extensions */,
			);
			buildRules = (
			);
			dependencies = (
				F80022842E9015F30046D443 /* PBXTargetDependency */,
			);
			fileSystemSynchronizedGroups = (
				F84E0EE42E829796006B98C0 /* Cerchio */,
			);
			name = Cerchio;
			packageProductDependencies = (
				F8137DA52E82AA210090F8FA /* SnapKit */,
				F8137DA82E82AA330090F8FA /* RxCocoa */,
				F8137DAA2E82AA330090F8FA /* RxSwift */,
				F8137DAD2E82AA420090F8FA /* Kingfisher */,
				F81383BC2E86ACD50090F8FA /* RealmSwift */,
				F81383BF2E86AD7F0090F8FA /* ReactorKit */,
			);
			productName = Cerchio;
			productReference = F84E0EE22E829796006B98C0 /* Cerchio.app */;
			productType = "com.apple.product-type.application";
		};
		F84E0EF72E829797006B98C0 /* CerchioTests */ = {
			isa = PBXNativeTarget;
			buildConfigurationList = F84E0F102E829797006B98C0 /* Build configuration list for PBXNativeTarget "CerchioTests" */;
			buildPhases = (
				F84E0EF42E829797006B98C0 /* Sources */,
				F84E0EF52E829797006B98C0 /* Frameworks */,
			);
			buildRules = (
			);
			dependencies = (
				F84E0EFA2E829797006B98C0 /* PBXTargetDependency */,
			);
			fileSystemSynchronizedGroups = (
				F84E0EFB2E829797006B98C0 /* CerchioTests */,
			);
			name = CerchioTests;
			packageProductDependencies = (
				F81383BC2E86ACD50090F8FA /* RealmSwift */,
				F8137DA82E82AA330090F8FA /* RxCocoa */,
				F8137DAA2E82AA330090F8FA /* RxSwift */,
				F81383BF2E86AD7F0090F8FA /* ReactorKit */,
			);
			productName = CerchioTests;
			productReference = F84E0EF82E829797006B98C0 /* CerchioTests.xctest */;
			productType = "com.apple.product-type.bundle.unit-test";
		};
		F84E0F012E829797006B98C0 /* CerchioUITests */ = {
			isa = PBXNativeTarget;
			buildConfigurationList = F84E0F132E829797006B98C0 /* Build configuration list for PBXNativeTarget "CerchioUITests" */;
			buildPhases = (
				F84E0EFE2E829797006B98C0 /* Sources */,
				F84E0EFF2E829797006B98C0 /* Frameworks */,
				F84E0F002E829797006B98C0 /* Resources */,
			);
			buildRules = (
			);
			dependencies = (
				F84E0F042E829797006B98C0 /* PBXTargetDependency */,
			);
			fileSystemSynchronizedGroups = (
				F84E0F052E829797006B98C0 /* CerchioUITests */,
			);
			name = CerchioUITests;
			packageProductDependencies = (
			);
			productName = CerchioUITests;
			productReference = F84E0F022E829797006B98C0 /* CerchioUITests.xctest */;
			productType = "com.apple.product-type.bundle.ui-testing";
		};
/* End PBXNativeTarget section */

/* Begin PBXProject section */
		F84E0EDA2E829796006B98C0 /* Project object */ = {
			isa = PBXProject;
			attributes = {
				BuildIndependentTargetsInParallel = 1;
				LastSwiftUpdateCheck = 2600;
				LastUpgradeCheck = 2600;
				TargetAttributes = {
					F80022702E9015F10046D443 = {
						CreatedOnToolsVersion = 26.0.1;
					};
					F84E0EE12E829796006B98C0 = {
						CreatedOnToolsVersion = 26.0.1;
					};
					F84E0EF72E829797006B98C0 = {
						CreatedOnToolsVersion = 26.0.1;
						TestTargetID = F84E0EE12E829796006B98C0;
					};
					F84E0F012E829797006B98C0 = {
						CreatedOnToolsVersion = 26.0.1;
						TestTargetID = F84E0EE12E829796006B98C0;
					};
				};
			};
			buildConfigurationList = F84E0EDD2E829796006B98C0 /* Build configuration list for PBXProject "Cerchio" */;
			developmentRegion = ko;
			hasScannedForEncodings = 0;
			knownRegions = (
				en,
				Base,
				ko,
			);
			mainGroup = F84E0ED92E829796006B98C0;
			minimizedProjectReferenceProxies = 1;
			packageReferences = (
				F8137DA42E82AA210090F8FA /* XCRemoteSwiftPackageReference "SnapKit" */,
				F8137DA72E82AA330090F8FA /* XCRemoteSwiftPackageReference "RxSwift" */,
				F8137DAC2E82AA420090F8FA /* XCRemoteSwiftPackageReference "Kingfisher" */,
				F81383BB2E86ACD50090F8FA /* XCRemoteSwiftPackageReference "realm-swift" */,
				F81383BE2E86AD7F0090F8FA /* XCRemoteSwiftPackageReference "ReactorKit" */,
			);
			preferredProjectObjectVersion = 77;
			productRefGroup = F84E0EE32E829796006B98C0 /* Products */;
			projectDirPath = "";
			projectRoot = "";
			targets = (
				F84E0EE12E829796006B98C0 /* Cerchio */,
				F84E0EF72E829797006B98C0 /* CerchioTests */,
				F84E0F012E829797006B98C0 /* CerchioUITests */,
				F80022702E9015F10046D443 /* WidgetsExtension */,
			);
		};
/* End PBXProject section */

/* Begin PBXResourcesBuildPhase section */
		F800226F2E9015F10046D443 /* Resources */ = {
			isa = PBXResourcesBuildPhase;
			buildActionMask = 2147483647;
			files = (
			);
			runOnlyForDeploymentPostprocessing = 0;
		};
		F84E0EE02E829796006B98C0 /* Resources */ = {
			isa = PBXResourcesBuildPhase;
			buildActionMask = 2147483647;
			files = (
				F84E0FE92E829A00006B98C0 /* .gitignore in Resources */,
			);
			runOnlyForDeploymentPostprocessing = 0;
		};
		F84E0F002E829797006B98C0 /* Resources */ = {
			isa = PBXResourcesBuildPhase;
			buildActionMask = 2147483647;
			files = (
			);
			runOnlyForDeploymentPostprocessing = 0;
		};
/* End PBXResourcesBuildPhase section */

/* Begin PBXSourcesBuildPhase section */
		F800226D2E9015F10046D443 /* Sources */ = {
			isa = PBXSourcesBuildPhase;
			buildActionMask = 2147483647;
			files = (
			);
			runOnlyForDeploymentPostprocessing = 0;
		};
		F84E0EDE2E829796006B98C0 /* Sources */ = {
			isa = PBXSourcesBuildPhase;
			buildActionMask = 2147483647;
			files = (
			);
			runOnlyForDeploymentPostprocessing = 0;
		};
		F84E0EF42E829797006B98C0 /* Sources */ = {
			isa = PBXSourcesBuildPhase;
			buildActionMask = 2147483647;
			files = (
			);
			runOnlyForDeploymentPostprocessing = 0;
		};
		F84E0EFE2E829797006B98C0 /* Sources */ = {
			isa = PBXSourcesBuildPhase;
			buildActionMask = 2147483647;
			files = (
			);
			runOnlyForDeploymentPostprocessing = 0;
		};
/* End PBXSourcesBuildPhase section */

/* Begin PBXTargetDependency section */
		F80022842E9015F30046D443 /* PBXTargetDependency */ = {
			isa = PBXTargetDependency;
			target = F80022702E9015F10046D443 /* WidgetsExtension */;
			targetProxy = F80022832E9015F30046D443 /* PBXContainerItemProxy */;
		};
		F84E0EFA2E829797006B98C0 /* PBXTargetDependency */ = {
			isa = PBXTargetDependency;
			target = F84E0EE12E829796006B98C0 /* Cerchio */;
			targetProxy = F84E0EF92E829797006B98C0 /* PBXContainerItemProxy */;
		};
		F84E0F042E829797006B98C0 /* PBXTargetDependency */ = {
			isa = PBXTargetDependency;
			target = F84E0EE12E829796006B98C0 /* Cerchio */;
			targetProxy = F84E0F032E829797006B98C0 /* PBXContainerItemProxy */;
		};
/* End PBXTargetDependency section */

/* Begin XCBuildConfiguration section */
		F80022872E9015F30046D443 /* Debug */ = {
			isa = XCBuildConfiguration;
			buildSettings = {
				ASSETCATALOG_COMPILER_GLOBAL_ACCENT_COLOR_NAME = AccentColor;
				ASSETCATALOG_COMPILER_WIDGET_BACKGROUND_COLOR_NAME = WidgetBackground;
				CODE_SIGN_ENTITLEMENTS = WidgetsExtension.entitlements;
				CODE_SIGN_STYLE = Automatic;
				CURRENT_PROJECT_VERSION = 1;
				DEVELOPMENT_TEAM = VA3J8597P8;
				GENERATE_INFOPLIST_FILE = YES;
				INFOPLIST_FILE = Widgets/Info.plist;
				INFOPLIST_KEY_CFBundleDisplayName = Widgets;
				INFOPLIST_KEY_NSHumanReadableCopyright = "";
				IPHONEOS_DEPLOYMENT_TARGET = 16.0;
				LD_RUNPATH_SEARCH_PATHS = (
					"$(inherited)",
					"@executable_path/Frameworks",
					"@executable_path/../../Frameworks",
				);
				MARKETING_VERSION = 1.0;
				PRODUCT_BUNDLE_IDENTIFIER = com.moro.Cerchio.Widgets;
				PRODUCT_NAME = "$(TARGET_NAME)";
				SKIP_INSTALL = YES;
				STRING_CATALOG_GENERATE_SYMBOLS = YES;
				SUPPORTED_PLATFORMS = "iphoneos iphonesimulator";
				SUPPORTS_MACCATALYST = NO;
				SUPPORTS_MAC_DESIGNED_FOR_IPHONE_IPAD = NO;
				SUPPORTS_XR_DESIGNED_FOR_IPHONE_IPAD = NO;
				SWIFT_APPROACHABLE_CONCURRENCY = YES;
				SWIFT_EMIT_LOC_STRINGS = YES;
				SWIFT_UPCOMING_FEATURE_MEMBER_IMPORT_VISIBILITY = YES;
				SWIFT_VERSION = 5.0;
				TARGETED_DEVICE_FAMILY = 1;
			};
			name = Debug;
		};
		F80022882E9015F30046D443 /* Release */ = {
			isa = XCBuildConfiguration;
			buildSettings = {
				ASSETCATALOG_COMPILER_GLOBAL_ACCENT_COLOR_NAME = AccentColor;
				ASSETCATALOG_COMPILER_WIDGET_BACKGROUND_COLOR_NAME = WidgetBackground;
				CODE_SIGN_ENTITLEMENTS = WidgetsExtension.entitlements;
				CODE_SIGN_STYLE = Automatic;
				CURRENT_PROJECT_VERSION = 1;
				DEVELOPMENT_TEAM = VA3J8597P8;
				GENERATE_INFOPLIST_FILE = YES;
				INFOPLIST_FILE = Widgets/Info.plist;
				INFOPLIST_KEY_CFBundleDisplayName = Widgets;
				INFOPLIST_KEY_NSHumanReadableCopyright = "";
				IPHONEOS_DEPLOYMENT_TARGET = 16.0;
				LD_RUNPATH_SEARCH_PATHS = (
					"$(inherited)",
					"@executable_path/Frameworks",
					"@executable_path/../../Frameworks",
				);
				MARKETING_VERSION = 1.0;
				PRODUCT_BUNDLE_IDENTIFIER = com.moro.Cerchio.Widgets;
				PRODUCT_NAME = "$(TARGET_NAME)";
				SKIP_INSTALL = YES;
				STRING_CATALOG_GENERATE_SYMBOLS = YES;
				SUPPORTED_PLATFORMS = "iphoneos iphonesimulator";
				SUPPORTS_MACCATALYST = NO;
				SUPPORTS_MAC_DESIGNED_FOR_IPHONE_IPAD = NO;
				SUPPORTS_XR_DESIGNED_FOR_IPHONE_IPAD = NO;
				SWIFT_APPROACHABLE_CONCURRENCY = YES;
				SWIFT_EMIT_LOC_STRINGS = YES;
				SWIFT_UPCOMING_FEATURE_MEMBER_IMPORT_VISIBILITY = YES;
				SWIFT_VERSION = 5.0;
				TARGETED_DEVICE_FAMILY = 1;
			};
			name = Release;
		};
		F84E0F0C2E829797006B98C0 /* Debug */ = {
			isa = XCBuildConfiguration;
			buildSettings = {
				ASSETCATALOG_COMPILER_APPICON_NAME = AppIcon;
				ASSETCATALOG_COMPILER_GLOBAL_ACCENT_COLOR_NAME = AccentColor;
				CODE_SIGN_ENTITLEMENTS = Cerchio/Cerchio.entitlements;
				CODE_SIGN_STYLE = Automatic;
				CURRENT_PROJECT_VERSION = 1;
				DEVELOPMENT_TEAM = VA3J8597P8;
				GENERATE_INFOPLIST_FILE = YES;
				INFOPLIST_FILE = Cerchio/Info.plist;
				INFOPLIST_KEY_LSApplicationCategoryType = "public.app-category.books";
				INFOPLIST_KEY_UIApplicationSupportsIndirectInputEvents = YES;
				INFOPLIST_KEY_UILaunchStoryboardName = LaunchScreen;
				INFOPLIST_KEY_UISupportedInterfaceOrientations = UIInterfaceOrientationPortrait;
				IPHONEOS_DEPLOYMENT_TARGET = 16.0;
				LD_RUNPATH_SEARCH_PATHS = (
					"$(inherited)",
					"@executable_path/Frameworks",
				);
				MARKETING_VERSION = 1.0;
				PRODUCT_BUNDLE_IDENTIFIER = com.moro.Cerchio;
				PRODUCT_NAME = "$(TARGET_NAME)";
				STRING_CATALOG_GENERATE_SYMBOLS = YES;
				SUPPORTED_PLATFORMS = "iphoneos iphonesimulator";
				SUPPORTS_MACCATALYST = NO;
				SUPPORTS_MAC_DESIGNED_FOR_IPHONE_IPAD = NO;
				SUPPORTS_XR_DESIGNED_FOR_IPHONE_IPAD = NO;
				SWIFT_APPROACHABLE_CONCURRENCY = YES;
				SWIFT_DEFAULT_ACTOR_ISOLATION = MainActor;
				SWIFT_EMIT_LOC_STRINGS = YES;
				SWIFT_UPCOMING_FEATURE_MEMBER_IMPORT_VISIBILITY = YES;
				SWIFT_VERSION = 5.0;
				TARGETED_DEVICE_FAMILY = 1;
			};
			name = Debug;
		};
		F84E0F0D2E829797006B98C0 /* Release */ = {
			isa = XCBuildConfiguration;
			buildSettings = {
				ASSETCATALOG_COMPILER_APPICON_NAME = AppIcon;
				ASSETCATALOG_COMPILER_GLOBAL_ACCENT_COLOR_NAME = AccentColor;
				CODE_SIGN_ENTITLEMENTS = Cerchio/Cerchio.entitlements;
				CODE_SIGN_STYLE = Automatic;
				CURRENT_PROJECT_VERSION = 1;
				DEVELOPMENT_TEAM = VA3J8597P8;
				GENERATE_INFOPLIST_FILE = YES;
				INFOPLIST_FILE = Cerchio/Info.plist;
				INFOPLIST_KEY_LSApplicationCategoryType = "public.app-category.books";
				INFOPLIST_KEY_UIApplicationSupportsIndirectInputEvents = YES;
				INFOPLIST_KEY_UILaunchStoryboardName = LaunchScreen;
				INFOPLIST_KEY_UISupportedInterfaceOrientations = UIInterfaceOrientationPortrait;
				IPHONEOS_DEPLOYMENT_TARGET = 16.0;
				LD_RUNPATH_SEARCH_PATHS = (
					"$(inherited)",
					"@executable_path/Frameworks",
				);
				MARKETING_VERSION = 1.0;
				PRODUCT_BUNDLE_IDENTIFIER = com.moro.Cerchio;
				PRODUCT_NAME = "$(TARGET_NAME)";
				STRING_CATALOG_GENERATE_SYMBOLS = YES;
				SUPPORTED_PLATFORMS = "iphoneos iphonesimulator";
				SUPPORTS_MACCATALYST = NO;
				SUPPORTS_MAC_DESIGNED_FOR_IPHONE_IPAD = NO;
				SUPPORTS_XR_DESIGNED_FOR_IPHONE_IPAD = NO;
				SWIFT_APPROACHABLE_CONCURRENCY = YES;
				SWIFT_EMIT_LOC_STRINGS = YES;
				SWIFT_UPCOMING_FEATURE_MEMBER_IMPORT_VISIBILITY = YES;
				SWIFT_VERSION = 5.0;
				TARGETED_DEVICE_FAMILY = 1;
			};
			name = Release;
		};
		F84E0F0E2E829797006B98C0 /* Debug */ = {
			isa = XCBuildConfiguration;
			buildSettings = {
				ALWAYS_SEARCH_USER_PATHS = NO;
				ASSETCATALOG_COMPILER_GENERATE_SWIFT_ASSET_SYMBOL_EXTENSIONS = YES;
				CLANG_ANALYZER_LOCALIZABILITY_NONLOCALIZED = YES;
				CLANG_ANALYZER_NONNULL = YES;
				CLANG_ANALYZER_NUMBER_OBJECT_CONVERSION = YES_AGGRESSIVE;
				CLANG_CXX_LANGUAGE_STANDARD = "gnu++20";
				CLANG_ENABLE_MODULES = YES;
				CLANG_ENABLE_OBJC_ARC = YES;
				CLANG_ENABLE_OBJC_WEAK = YES;
				CLANG_WARN_BLOCK_CAPTURE_AUTORELEASING = YES;
				CLANG_WARN_BOOL_CONVERSION = YES;
				CLANG_WARN_COMMA = YES;
				CLANG_WARN_CONSTANT_CONVERSION = YES;
				CLANG_WARN_DEPRECATED_OBJC_IMPLEMENTATIONS = YES;
				CLANG_WARN_DIRECT_OBJC_ISA_USAGE = YES_ERROR;
				CLANG_WARN_DOCUMENTATION_COMMENTS = YES;
				CLANG_WARN_EMPTY_BODY = YES;
				CLANG_WARN_ENUM_CONVERSION = YES;
				CLANG_WARN_INFINITE_RECURSION = YES;
				CLANG_WARN_INT_CONVERSION = YES;
				CLANG_WARN_NON_LITERAL_NULL_CONVERSION = YES;
				CLANG_WARN_OBJC_IMPLICIT_RETAIN_SELF = YES;
				CLANG_WARN_OBJC_LITERAL_CONVERSION = YES;
				CLANG_WARN_OBJC_ROOT_CLASS = YES_ERROR;
				CLANG_WARN_QUOTED_INCLUDE_IN_FRAMEWORK_HEADER = YES;
				CLANG_WARN_RANGE_LOOP_ANALYSIS = YES;
				CLANG_WARN_STRICT_PROTOTYPES = YES;
				CLANG_WARN_SUSPICIOUS_MOVE = YES;
				CLANG_WARN_UNGUARDED_AVAILABILITY = YES_AGGRESSIVE;
				CLANG_WARN_UNREACHABLE_CODE = YES;
				CLANG_WARN__DUPLICATE_METHOD_MATCH = YES;
				COPY_PHASE_STRIP = NO;
				DEBUG_INFORMATION_FORMAT = dwarf;
				DEVELOPMENT_TEAM = VA3J8597P8;
				ENABLE_STRICT_OBJC_MSGSEND = YES;
				ENABLE_TESTABILITY = YES;
				ENABLE_USER_SCRIPT_SANDBOXING = YES;
				GCC_C_LANGUAGE_STANDARD = gnu17;
				GCC_DYNAMIC_NO_PIC = NO;
				GCC_NO_COMMON_BLOCKS = YES;
				GCC_OPTIMIZATION_LEVEL = 0;
				GCC_PREPROCESSOR_DEFINITIONS = (
					"DEBUG=1",
					"$(inherited)",
				);
				GCC_WARN_64_TO_32_BIT_CONVERSION = YES;
				GCC_WARN_ABOUT_RETURN_TYPE = YES_ERROR;
				GCC_WARN_UNDECLARED_SELECTOR = YES;
				GCC_WARN_UNINITIALIZED_AUTOS = YES_AGGRESSIVE;
				GCC_WARN_UNUSED_FUNCTION = YES;
				GCC_WARN_UNUSED_VARIABLE = YES;
				IPHONEOS_DEPLOYMENT_TARGET = 16.6;
				LOCALIZATION_PREFERS_STRING_CATALOGS = YES;
				MTL_ENABLE_DEBUG_INFO = INCLUDE_SOURCE;
				MTL_FAST_MATH = YES;
				ONLY_ACTIVE_ARCH = YES;
				SDKROOT = iphoneos;
				SWIFT_ACTIVE_COMPILATION_CONDITIONS = "DEBUG $(inherited)";
				SWIFT_EMIT_LOC_STRINGS = YES;
				SWIFT_OPTIMIZATION_LEVEL = "-Onone";
			};
			name = Debug;
		};
		F84E0F0F2E829797006B98C0 /* Release */ = {
			isa = XCBuildConfiguration;
			buildSettings = {
				ALWAYS_SEARCH_USER_PATHS = NO;
				ASSETCATALOG_COMPILER_GENERATE_SWIFT_ASSET_SYMBOL_EXTENSIONS = YES;
				CLANG_ANALYZER_LOCALIZABILITY_NONLOCALIZED = YES;
				CLANG_ANALYZER_NONNULL = YES;
				CLANG_ANALYZER_NUMBER_OBJECT_CONVERSION = YES_AGGRESSIVE;
				CLANG_CXX_LANGUAGE_STANDARD = "gnu++20";
				CLANG_ENABLE_MODULES = YES;
				CLANG_ENABLE_OBJC_ARC = YES;
				CLANG_ENABLE_OBJC_WEAK = YES;
				CLANG_WARN_BLOCK_CAPTURE_AUTORELEASING = YES;
				CLANG_WARN_BOOL_CONVERSION = YES;
				CLANG_WARN_COMMA = YES;
				CLANG_WARN_CONSTANT_CONVERSION = YES;
				CLANG_WARN_DEPRECATED_OBJC_IMPLEMENTATIONS = YES;
				CLANG_WARN_DIRECT_OBJC_ISA_USAGE = YES_ERROR;
				CLANG_WARN_DOCUMENTATION_COMMENTS = YES;
				CLANG_WARN_EMPTY_BODY = YES;
				CLANG_WARN_ENUM_CONVERSION = YES;
				CLANG_WARN_INFINITE_RECURSION = YES;
				CLANG_WARN_INT_CONVERSION = YES;
				CLANG_WARN_NON_LITERAL_NULL_CONVERSION = YES;
				CLANG_WARN_OBJC_IMPLICIT_RETAIN_SELF = YES;
				CLANG_WARN_OBJC_LITERAL_CONVERSION = YES;
				CLANG_WARN_OBJC_ROOT_CLASS = YES_ERROR;
				CLANG_WARN_QUOTED_INCLUDE_IN_FRAMEWORK_HEADER = YES;
				CLANG_WARN_RANGE_LOOP_ANALYSIS = YES;
				CLANG_WARN_STRICT_PROTOTYPES = YES;
				CLANG_WARN_SUSPICIOUS_MOVE = YES;
				CLANG_WARN_UNGUARDED_AVAILABILITY = YES_AGGRESSIVE;
				CLANG_WARN_UNREACHABLE_CODE = YES;
				CLANG_WARN__DUPLICATE_METHOD_MATCH = YES;
				COPY_PHASE_STRIP = NO;
				DEBUG_INFORMATION_FORMAT = "dwarf-with-dsym";
				DEVELOPMENT_TEAM = VA3J8597P8;
				ENABLE_NS_ASSERTIONS = NO;
				ENABLE_STRICT_OBJC_MSGSEND = YES;
				ENABLE_USER_SCRIPT_SANDBOXING = YES;
				GCC_C_LANGUAGE_STANDARD = gnu17;
				GCC_NO_COMMON_BLOCKS = YES;
				GCC_WARN_64_TO_32_BIT_CONVERSION = YES;
				GCC_WARN_ABOUT_RETURN_TYPE = YES_ERROR;
				GCC_WARN_UNDECLARED_SELECTOR = YES;
				GCC_WARN_UNINITIALIZED_AUTOS = YES_AGGRESSIVE;
				GCC_WARN_UNUSED_FUNCTION = YES;
				GCC_WARN_UNUSED_VARIABLE = YES;
				IPHONEOS_DEPLOYMENT_TARGET = 16.6;
				LOCALIZATION_PREFERS_STRING_CATALOGS = YES;
				MTL_ENABLE_DEBUG_INFO = NO;
				MTL_FAST_MATH = YES;
				SDKROOT = iphoneos;
				SWIFT_COMPILATION_MODE = wholemodule;
				SWIFT_EMIT_LOC_STRINGS = YES;
				VALIDATE_PRODUCT = YES;
			};
			name = Release;
		};
		F84E0F112E829797006B98C0 /* Debug */ = {
			isa = XCBuildConfiguration;
			buildSettings = {
				BUNDLE_LOADER = "$(TEST_HOST)";
				CODE_SIGN_STYLE = Automatic;
				CURRENT_PROJECT_VERSION = 1;
				DEVELOPMENT_TEAM = VA3J8597P8;
				GENERATE_INFOPLIST_FILE = YES;
				IPHONEOS_DEPLOYMENT_TARGET = 16.0;
				MARKETING_VERSION = 1.0;
				PRODUCT_BUNDLE_IDENTIFIER = com.moro.CerchioTests;
				PRODUCT_NAME = "$(TARGET_NAME)";
				STRING_CATALOG_GENERATE_SYMBOLS = NO;
				SWIFT_APPROACHABLE_CONCURRENCY = YES;
				SWIFT_EMIT_LOC_STRINGS = NO;
				SWIFT_UPCOMING_FEATURE_MEMBER_IMPORT_VISIBILITY = YES;
				SWIFT_VERSION = 5.0;
				TARGETED_DEVICE_FAMILY = "1,2";
				TEST_HOST = "$(BUILT_PRODUCTS_DIR)/Cerchio.app/$(BUNDLE_EXECUTABLE_FOLDER_PATH)/Cerchio";
			};
			name = Debug;
		};
		F84E0F122E829797006B98C0 /* Release */ = {
			isa = XCBuildConfiguration;
			buildSettings = {
				BUNDLE_LOADER = "$(TEST_HOST)";
				CODE_SIGN_STYLE = Automatic;
				CURRENT_PROJECT_VERSION = 1;
				DEVELOPMENT_TEAM = VA3J8597P8;
				GENERATE_INFOPLIST_FILE = YES;
				IPHONEOS_DEPLOYMENT_TARGET = 16.0;
				MARKETING_VERSION = 1.0;
				PRODUCT_BUNDLE_IDENTIFIER = com.moro.CerchioTests;
				PRODUCT_NAME = "$(TARGET_NAME)";
				STRING_CATALOG_GENERATE_SYMBOLS = NO;
				SWIFT_APPROACHABLE_CONCURRENCY = YES;
				SWIFT_EMIT_LOC_STRINGS = NO;
				SWIFT_UPCOMING_FEATURE_MEMBER_IMPORT_VISIBILITY = YES;
				SWIFT_VERSION = 5.0;
				TARGETED_DEVICE_FAMILY = "1,2";
				TEST_HOST = "$(BUILT_PRODUCTS_DIR)/Cerchio.app/$(BUNDLE_EXECUTABLE_FOLDER_PATH)/Cerchio";
			};
			name = Release;
		};
		F84E0F142E829797006B98C0 /* Debug */ = {
			isa = XCBuildConfiguration;
			buildSettings = {
				CODE_SIGN_STYLE = Automatic;
				CURRENT_PROJECT_VERSION = 1;
				DEVELOPMENT_TEAM = VA3J8597P8;
				GENERATE_INFOPLIST_FILE = YES;
				MARKETING_VERSION = 1.0;
				PRODUCT_BUNDLE_IDENTIFIER = com.moro.CerchioUITests;
				PRODUCT_NAME = "$(TARGET_NAME)";
				STRING_CATALOG_GENERATE_SYMBOLS = NO;
				SWIFT_APPROACHABLE_CONCURRENCY = YES;
				SWIFT_EMIT_LOC_STRINGS = NO;
				SWIFT_UPCOMING_FEATURE_MEMBER_IMPORT_VISIBILITY = YES;
				SWIFT_VERSION = 5.0;
				TARGETED_DEVICE_FAMILY = "1,2";
				TEST_TARGET_NAME = Cerchio;
			};
			name = Debug;
		};
		F84E0F152E829797006B98C0 /* Release */ = {
			isa = XCBuildConfiguration;
			buildSettings = {
				CODE_SIGN_STYLE = Automatic;
				CURRENT_PROJECT_VERSION = 1;
				DEVELOPMENT_TEAM = VA3J8597P8;
				GENERATE_INFOPLIST_FILE = YES;
				MARKETING_VERSION = 1.0;
				PRODUCT_BUNDLE_IDENTIFIER = com.moro.CerchioUITests;
				PRODUCT_NAME = "$(TARGET_NAME)";
				STRING_CATALOG_GENERATE_SYMBOLS = NO;
				SWIFT_APPROACHABLE_CONCURRENCY = YES;
				SWIFT_EMIT_LOC_STRINGS = NO;
				SWIFT_UPCOMING_FEATURE_MEMBER_IMPORT_VISIBILITY = YES;
				SWIFT_VERSION = 5.0;
				TARGETED_DEVICE_FAMILY = "1,2";
				TEST_TARGET_NAME = Cerchio;
			};
			name = Release;
		};
/* End XCBuildConfiguration section */

/* Begin XCConfigurationList section */
		F80022862E9015F30046D443 /* Build configuration list for PBXNativeTarget "WidgetsExtension" */ = {
			isa = XCConfigurationList;
			buildConfigurations = (
				F80022872E9015F30046D443 /* Debug */,
				F80022882E9015F30046D443 /* Release */,
			);
			defaultConfigurationIsVisible = 0;
			defaultConfigurationName = Release;
		};
		F84E0EDD2E829796006B98C0 /* Build configuration list for PBXProject "Cerchio" */ = {
			isa = XCConfigurationList;
			buildConfigurations = (
				F84E0F0E2E829797006B98C0 /* Debug */,
				F84E0F0F2E829797006B98C0 /* Release */,
			);
			defaultConfigurationIsVisible = 0;
			defaultConfigurationName = Release;
		};
		F84E0F0B2E829797006B98C0 /* Build configuration list for PBXNativeTarget "Cerchio" */ = {
			isa = XCConfigurationList;
			buildConfigurations = (
				F84E0F0C2E829797006B98C0 /* Debug */,
				F84E0F0D2E829797006B98C0 /* Release */,
			);
			defaultConfigurationIsVisible = 0;
			defaultConfigurationName = Release;
		};
		F84E0F102E829797006B98C0 /* Build configuration list for PBXNativeTarget "CerchioTests" */ = {
			isa = XCConfigurationList;
			buildConfigurations = (
				F84E0F112E829797006B98C0 /* Debug */,
				F84E0F122E829797006B98C0 /* Release */,
			);
			defaultConfigurationIsVisible = 0;
			defaultConfigurationName = Release;
		};
		F84E0F132E829797006B98C0 /* Build configuration list for PBXNativeTarget "CerchioUITests" */ = {
			isa = XCConfigurationList;
			buildConfigurations = (
				F84E0F142E829797006B98C0 /* Debug */,
				F84E0F152E829797006B98C0 /* Release */,
			);
			defaultConfigurationIsVisible = 0;
			defaultConfigurationName = Release;
		};
/* End XCConfigurationList section */

/* Begin XCRemoteSwiftPackageReference section */
		F8137DA42E82AA210090F8FA /* XCRemoteSwiftPackageReference "SnapKit" */ = {
			isa = XCRemoteSwiftPackageReference;
			repositoryURL = "https://github.com/SnapKit/SnapKit.git";
			requirement = {
				kind = upToNextMajorVersion;
				minimumVersion = 5.7.1;
			};
		};
		F8137DA72E82AA330090F8FA /* XCRemoteSwiftPackageReference "RxSwift" */ = {
			isa = XCRemoteSwiftPackageReference;
			repositoryURL = "https://github.com/ReactiveX/RxSwift.git";
			requirement = {
				kind = upToNextMajorVersion;
				minimumVersion = 6.9.0;
			};
		};
		F8137DAC2E82AA420090F8FA /* XCRemoteSwiftPackageReference "Kingfisher" */ = {
			isa = XCRemoteSwiftPackageReference;
			repositoryURL = "https://github.com/onevcat/Kingfisher.git";
			requirement = {
				kind = upToNextMajorVersion;
				minimumVersion = 8.5.0;
			};
		};
		F81383BB2E86ACD50090F8FA /* XCRemoteSwiftPackageReference "realm-swift" */ = {
			isa = XCRemoteSwiftPackageReference;
			repositoryURL = "https://github.com/realm/realm-swift.git";
			requirement = {
				branch = master;
				kind = branch;
			};
		};
		F81383BE2E86AD7F0090F8FA /* XCRemoteSwiftPackageReference "ReactorKit" */ = {
			isa = XCRemoteSwiftPackageReference;
			repositoryURL = "https://github.com/ReactorKit/ReactorKit.git";
			requirement = {
				kind = upToNextMajorVersion;
				minimumVersion = 3.2.0;
			};
		};
/* End XCRemoteSwiftPackageReference section */

/* Begin XCSwiftPackageProductDependency section */
		F8137DA52E82AA210090F8FA /* SnapKit */ = {
			isa = XCSwiftPackageProductDependency;
			package = F8137DA42E82AA210090F8FA /* XCRemoteSwiftPackageReference "SnapKit" */;
			productName = SnapKit;
		};
		F8137DA82E82AA330090F8FA /* RxCocoa */ = {
			isa = XCSwiftPackageProductDependency;
			package = F8137DA72E82AA330090F8FA /* XCRemoteSwiftPackageReference "RxSwift" */;
			productName = RxCocoa;
		};
		F8137DAA2E82AA330090F8FA /* RxSwift */ = {
			isa = XCSwiftPackageProductDependency;
			package = F8137DA72E82AA330090F8FA /* XCRemoteSwiftPackageReference "RxSwift" */;
			productName = RxSwift;
		};
		F8137DAD2E82AA420090F8FA /* Kingfisher */ = {
			isa = XCSwiftPackageProductDependency;
			package = F8137DAC2E82AA420090F8FA /* XCRemoteSwiftPackageReference "Kingfisher" */;
			productName = Kingfisher;
		};
		F81383BC2E86ACD50090F8FA /* RealmSwift */ = {
			isa = XCSwiftPackageProductDependency;
			package = F81383BB2E86ACD50090F8FA /* XCRemoteSwiftPackageReference "realm-swift" */;
			productName = RealmSwift;
		};
		F81383BF2E86AD7F0090F8FA /* ReactorKit */ = {
			isa = XCSwiftPackageProductDependency;
			package = F81383BE2E86AD7F0090F8FA /* XCRemoteSwiftPackageReference "ReactorKit" */;
			productName = ReactorKit;
		};
/* End XCSwiftPackageProductDependency section */
	};
	rootObject = F84E0EDA2E829796006B98C0 /* Project object */;
}
